
Microsoft Visual Studio Solution File, Format Version 12.00
# Visual Studio Version 17
VisualStudioVersion = 17.0.32126.317
MinimumVisualStudioVersion = 10.0.40219.1
Project("{FAE04EC0-301F-11D3-BF4B-00C04F79EFBC}") = "ServicioSubirFTP", "ServicioSubirFTP.csproj", "{816C3EFC-7249-4EA2-8DAD-720094C47091}"
EndProject
Global
	GlobalSection(SolutionConfigurationPlatforms) = preSolution
		Debug|Any CPU = Debug|Any CPU
		Release|Any CPU = Release|Any CPU
	EndGlobalSection
	GlobalSection(ProjectConfigurationPlatforms) = postSolution
		{816C3EFC-7249-4EA2-8DAD-720094C47091}.Debug|Any CPU.ActiveCfg = Debug|Any CPU
		{816C3EFC-7249-4EA2-8DAD-720094C47091}.Debug|Any CPU.Build.0 = Debug|Any CPU
		{816C3EFC-7249-4EA2-8DAD-720094C47091}.Release|Any CPU.ActiveCfg = Release|Any CPU
		{816C3EFC-7249-4EA2-8DAD-720094C47091}.Release|Any CPU.Build.0 = Release|Any CPU
	EndGlobalSection
	GlobalSection(SolutionProperties) = preSolution
		HideSolutionNode = FALSE
	EndGlobalSection
	GlobalSection(ExtensibilityGlobals) = postSolution
		SolutionGuid = {D7BAA24B-821E-4065-8402-E6F099E1A6D7}
	EndGlobalSection
EndGlobal
